
Microsoft Visual Studio Solution File, Format Version 12.00
# Visual Studio Version 17
VisualStudioVersion = 17.8.34322.80
MinimumVisualStudioVersion = 10.0.40219.1
Project("{FAE04EC0-301F-11D3-BF4B-00C04F79EFBC}") = "TestMVCWebApplication", "TestMVCWebApplication\TestMVCWebApplication.csproj", "{68324631-F6A5-48F6-8CC5-8A10E997F429}"
EndProject
Global
	GlobalSection(SolutionConfigurationPlatforms) = preSolution
		Debug|Any CPU = Debug|Any CPU
		Release|Any CPU = Release|Any CPU
	EndGlobalSection
	GlobalSection(ProjectConfigurationPlatforms) = postSolution
		{68324631-F6A5-48F6-8CC5-8A10E997F429}.Debug|Any CPU.ActiveCfg = Debug|Any CPU
		{68324631-F6A5-48F6-8CC5-8A10E997F429}.Debug|Any CPU.Build.0 = Debug|Any CPU
		{68324631-F6A5-48F6-8CC5-8A10E997F429}.Release|Any CPU.ActiveCfg = Release|Any CPU
		{68324631-F6A5-48F6-8CC5-8A10E997F429}.Release|Any CPU.Build.0 = Release|Any CPU
	EndGlobalSection
	GlobalSection(SolutionProperties) = preSolution
		HideSolutionNode = FALSE
	EndGlobalSection
	GlobalSection(ExtensibilityGlobals) = postSolution
		SolutionGuid = {2AA97D33-431E-400C-8D88-AA7A1C817831}
	EndGlobalSection
EndGlobal
